
Microsoft Visual Studio Solution File, Format Version 12.00
# Visual Studio Version 16
VisualStudioVersion = 16.0.30621.155
MinimumVisualStudioVersion = 10.0.40219.1
Project("{9A19103F-16F7-4668-BE54-9A1E7A4F7556}") = "SistemaRepuestosAntigua_AP1_PF", "SistemaRepuestosAntigua_AP1_PF.csproj", "{2404BB13-7C4F-4EF0-8BFF-420B1B8533EE}"
EndProject
Project("{FAE04EC0-301F-11D3-BF4B-00C04F79EFBC}") = "Entidades", "Entidades\Entidades.csproj", "{8182AAFE-66C4-4FAA-A661-8F4A4562281A}"
EndProject
Project("{FAE04EC0-301F-11D3-BF4B-00C04F79EFBC}") = "DAL", "DAL\DAL.csproj", "{9EDF54DD-23AD-45A2-A5EF-6B8266FF5666}"
EndProject
Project("{FAE04EC0-301F-11D3-BF4B-00C04F79EFBC}") = "BLL", "BLL\BLL.csproj", "{E5F3D05B-08E3-40A0-8ED1-9EF04FB4ACC2}"
EndProject
Global
	GlobalSection(SolutionConfigurationPlatforms) = preSolution
		Debug|Any CPU = Debug|Any CPU
		Release|Any CPU = Release|Any CPU
	EndGlobalSection
	GlobalSection(ProjectConfigurationPlatforms) = postSolution
		{2404BB13-7C4F-4EF0-8BFF-420B1B8533EE}.Debug|Any CPU.ActiveCfg = Debug|Any CPU
		{2404BB13-7C4F-4EF0-8BFF-420B1B8533EE}.Debug|Any CPU.Build.0 = Debug|Any CPU
		{2404BB13-7C4F-4EF0-8BFF-420B1B8533EE}.Release|Any CPU.ActiveCfg = Release|Any CPU
		{2404BB13-7C4F-4EF0-8BFF-420B1B8533EE}.Release|Any CPU.Build.0 = Release|Any CPU
		{8182AAFE-66C4-4FAA-A661-8F4A4562281A}.Debug|Any CPU.ActiveCfg = Debug|Any CPU
		{8182AAFE-66C4-4FAA-A661-8F4A4562281A}.Debug|Any CPU.Build.0 = Debug|Any CPU
		{8182AAFE-66C4-4FAA-A661-8F4A4562281A}.Release|Any CPU.ActiveCfg = Release|Any CPU
		{8182AAFE-66C4-4FAA-A661-8F4A4562281A}.Release|Any CPU.Build.0 = Release|Any CPU
		{9EDF54DD-23AD-45A2-A5EF-6B8266FF5666}.Debug|Any CPU.ActiveCfg = Debug|Any CPU
		{9EDF54DD-23AD-45A2-A5EF-6B8266FF5666}.Debug|Any CPU.Build.0 = Debug|Any CPU
		{9EDF54DD-23AD-45A2-A5EF-6B8266FF5666}.Release|Any CPU.ActiveCfg = Release|Any CPU
		{9EDF54DD-23AD-45A2-A5EF-6B8266FF5666}.Release|Any CPU.Build.0 = Release|Any CPU
		{E5F3D05B-08E3-40A0-8ED1-9EF04FB4ACC2}.Debug|Any CPU.ActiveCfg = Debug|Any CPU
		{E5F3D05B-08E3-40A0-8ED1-9EF04FB4ACC2}.Debug|Any CPU.Build.0 = Debug|Any CPU
		{E5F3D05B-08E3-40A0-8ED1-9EF04FB4ACC2}.Release|Any CPU.ActiveCfg = Release|Any CPU
		{E5F3D05B-08E3-40A0-8ED1-9EF04FB4ACC2}.Release|Any CPU.Build.0 = Release|Any CPU
	EndGlobalSection
	GlobalSection(SolutionProperties) = preSolution
		HideSolutionNode = FALSE
	EndGlobalSection
	GlobalSection(ExtensibilityGlobals) = postSolution
		SolutionGuid = {2408CABC-64AA-44C0-A37A-DEEBEEF063C4}
	EndGlobalSection
EndGlobal
